
Microsoft Visual Studio Solution File, Format Version 12.00
# Visual Studio Version 17
VisualStudioVersion = 17.5.33516.290
MinimumVisualStudioVersion = 10.0.40219.1
Project("{9A19103F-16F7-4668-BE54-9A1E7A4F7556}") = "RPNCalulator", "RPNCalulator.csproj", "{B3AEE968-E460-4BE3-ABCA-C38BB3002E28}"
EndProject
Project("{9A19103F-16F7-4668-BE54-9A1E7A4F7556}") = "Testy2", "..\Testy2\Testy2.csproj", "{E8C8FECF-91FA-40A0-902A-E47CDED9DAD1}"
EndProject
Global
	GlobalSection(SolutionConfigurationPlatforms) = preSolution
		Debug|Any CPU = Debug|Any CPU
		Release|Any CPU = Release|Any CPU
	EndGlobalSection
	GlobalSection(ProjectConfigurationPlatforms) = postSolution
		{B3AEE968-E460-4BE3-ABCA-C38BB3002E28}.Debug|Any CPU.ActiveCfg = Debug|Any CPU
		{B3AEE968-E460-4BE3-ABCA-C38BB3002E28}.Debug|Any CPU.Build.0 = Debug|Any CPU
		{B3AEE968-E460-4BE3-ABCA-C38BB3002E28}.Release|Any CPU.ActiveCfg = Release|Any CPU
		{B3AEE968-E460-4BE3-ABCA-C38BB3002E28}.Release|Any CPU.Build.0 = Release|Any CPU
		{E8C8FECF-91FA-40A0-902A-E47CDED9DAD1}.Debug|Any CPU.ActiveCfg = Debug|Any CPU
		{E8C8FECF-91FA-40A0-902A-E47CDED9DAD1}.Debug|Any CPU.Build.0 = Debug|Any CPU
		{E8C8FECF-91FA-40A0-902A-E47CDED9DAD1}.Release|Any CPU.ActiveCfg = Release|Any CPU
		{E8C8FECF-91FA-40A0-902A-E47CDED9DAD1}.Release|Any CPU.Build.0 = Release|Any CPU
	EndGlobalSection
	GlobalSection(SolutionProperties) = preSolution
		HideSolutionNode = FALSE
	EndGlobalSection
	GlobalSection(ExtensibilityGlobals) = postSolution
		SolutionGuid = {8E43D168-AF96-442A-BDD4-53797D49AFD0}
	EndGlobalSection
EndGlobal
